// !$*UTF8*$!
{
	archiveVersion = 1;
	classes = {
	};
	objectVersion = 46;
	objects = {

/* Begin PBXGroup section */
		6BF4FDB11A0DF15D0077771C = {
			isa = PBXGroup;
			children = (
			);
			sourceTree = "<group>";
		};
/* End PBXGroup section */

/* Begin PBXProject section */
		6BF4FDB21A0DF15D0077771C /* Project object */ = {
			isa = PBXProject;
			attributes = {
				LastUpgradeCheck = 0610;
			};
			buildConfigurationList = 6BF4FDB51A0DF15D0077771C /* Build configuration list for PBXProject "XcodeProjects" */;
			compatibilityVersion = "Xcode 3.2";
			developmentRegion = English;
			hasScannedForEncodings = 0;
			knownRegions = (
				en,
			);
			mainGroup = 6BF4FDB11A0DF15D0077771C;
			projectDirPath = "";
			projectRoot = "";
			targets = (
			);
		};
/* End PBXProject section */

/* Begin XCBuildConfiguration section */
		6BF4FDB61A0DF15D0077771C /* Debug */ = {
			isa = XCBuildConfiguration;
			buildSettings = {
			};
			name = Debug;
		};
		6BF4FDB71A0DF15D0077771C /* Release */ = {
			isa = XCBuildConfiguration;
			buildSettings = {
			};
			name = Release;
		};
/* End XCBuildConfiguration section */

/* Begin XCConfigurationList section */
		6BF4FDB51A0DF15D0077771C /* Build configuration list for PBXProject "XcodeProjects" */ = {
			isa = XCConfigurationList;
			buildConfigurations = (
				6BF4FDB61A0DF15D0077771C /* Debug */,
				6BF4FDB71A0DF15D0077771C /* Release */,
			);
			defaultConfigurationIsVisible = 0;
			defaultConfigurationName = Release;
		};
/* End XCConfigurationList section */
	};
	rootObject = 6BF4FDB21A0DF15D0077771C /* Project object */;
}
